
Microsoft Visual Studio Solution File, Format Version 12.00
# Visual Studio 14
VisualStudioVersion = 14.0.24720.0
MinimumVisualStudioVersion = 10.0.40219.1
Project("{FAE04EC0-301F-11D3-BF4B-00C04F79EFBC}") = "HavasEdgeReport", "HavasEdgeReport.csproj", "{8358AD47-A9A2-49FB-A2E7-37153EEC854D}"
EndProject
Global
	GlobalSection(SolutionConfigurationPlatforms) = preSolution
		Debug|Any CPU = Debug|Any CPU
		Debug|x86 = Debug|x86
		Release|Any CPU = Release|Any CPU
		Release|x86 = Release|x86
	EndGlobalSection
	GlobalSection(ProjectConfigurationPlatforms) = postSolution
		{8358AD47-A9A2-49FB-A2E7-37153EEC854D}.Debug|Any CPU.ActiveCfg = Debug|Any CPU
		{8358AD47-A9A2-49FB-A2E7-37153EEC854D}.Debug|Any CPU.Build.0 = Debug|Any CPU
		{8358AD47-A9A2-49FB-A2E7-37153EEC854D}.Debug|x86.ActiveCfg = Debug|x86
		{8358AD47-A9A2-49FB-A2E7-37153EEC854D}.Debug|x86.Build.0 = Debug|x86
		{8358AD47-A9A2-49FB-A2E7-37153EEC854D}.Release|Any CPU.ActiveCfg = Release|Any CPU
		{8358AD47-A9A2-49FB-A2E7-37153EEC854D}.Release|Any CPU.Build.0 = Release|Any CPU
		{8358AD47-A9A2-49FB-A2E7-37153EEC854D}.Release|x86.ActiveCfg = Release|x86
		{8358AD47-A9A2-49FB-A2E7-37153EEC854D}.Release|x86.Build.0 = Release|x86
	EndGlobalSection
	GlobalSection(SolutionProperties) = preSolution
		HideSolutionNode = FALSE
	EndGlobalSection
	GlobalSection(TeamFoundationVersionControl) = preSolution
		SccNumberOfProjects = 1
		SccEnterpriseProvider = {4CA58AB2-18FA-4F8D-95D4-32DDF27D184C}
		SccTeamFoundationServer = http://cs-srcctrl1:8080/tfs/csapps
		SccProjectUniqueName0 = HavasEdgeReport.csproj
		SccProjectName0 = .
		SccAuxPath0 = http://cs-srcctrl1:8080/tfs/csapps
		SccLocalPath0 = .
		SccProvider0 = {4CA58AB2-18FA-4F8D-95D4-32DDF27D184C}
	EndGlobalSection
EndGlobal
